{
  "name": "ha-config-generator",
  "version": "1.0.0",
  "lockfileVersion": 3,
  "requires": true,
  "packages": {
    "": {
      "name": "ha-config-generator",
      "version": "1.0.0",
      "license": "ISC",
      "dependencies": {
        "n-readlines": "^1.0.1"
      },
      "devDependencies": {
        "farm": "^0.0.1",
        "typescript": "^5.5.3"
      }
    },
    "node_modules/farm": {
      "version": "0.0.1",
      "resolved": "https://registry.npmjs.org/farm/-/farm-0.0.1.tgz",
      "integrity": "sha512-ororLKn9vk/6Kir+S2DDLFVwms1gec89hMENCPnOUPLAB/DXggKJFbbiu0SXuy/+mX5KrC6PUU2Uqg39Kx++8g==",
      "dev": true
    },
    "node_modules/n-readlines": {
      "version": "1.0.1",
      "resolved": "https://registry.npmjs.org/n-readlines/-/n-readlines-1.0.1.tgz",
      "integrity": "sha512-z4SyAIVgMy7CkgsoNw7YVz40v0g4+WWvvqy8+ZdHrCtgevcEO758WQyrYcw3XPxcLxF+//RszTz/rO48nzD0wQ==",
      "engines": {
        "node": ">=6.x.x"
      }
    },
    "node_modules/typescript": {
      "version": "5.5.3",
      "resolved": "https://registry.npmjs.org/typescript/-/typescript-5.5.3.tgz",
      "integrity": "sha512-/hreyEujaB0w76zKo6717l3L0o/qEUtRgdvUBvlkhoWeOVMjMuHNHk0BRBzikzuGDqNmPQbg5ifMEqsHLiIUcQ==",
      "dev": true,
      "bin": {
        "tsc": "bin/tsc",
        "tsserver": "bin/tsserver"
      },
      "engines": {
        "node": ">=14.17"
      }
    }
  }
}
